// !$*UTF8*$!
{
	archiveVersion = 1;
	classes = {
	};
	objectVersion = 55;
	objects = {

/* Begin PBXBuildFile section */
		7B9733A427F39427003733B7 /* AppDelegate.swift in Sources */ = {isa = PBXBuildFile; fileRef = 7B9733A327F39427003733B7 /* AppDelegate.swift */; };
		7B9733A627F39427003733B7 /* SceneDelegate.swift in Sources */ = {isa = PBXBuildFile; fileRef = 7B9733A527F39427003733B7 /* SceneDelegate.swift */; };
		7B9733A827F39427003733B7 /* ViewController.swift in Sources */ = {isa = PBXBuildFile; fileRef = 7B9733A727F39427003733B7 /* ViewController.swift */; };
		7B9733AB27F39427003733B7 /* Main.storyboard in Resources */ = {isa = PBXBuildFile; fileRef = 7B9733A927F39427003733B7 /* Main.storyboard */; };
		7B9733AD27F39428003733B7 /* Assets.xcassets in Resources */ = {isa = PBXBuildFile; fileRef = 7B9733AC27F39428003733B7 /* Assets.xcassets */; };
		7B9733B027F39428003733B7 /* LaunchScreen.storyboard in Resources */ = {isa = PBXBuildFile; fileRef = 7B9733AE27F39428003733B7 /* LaunchScreen.storyboard */; };
		7B9733BB27F39429003733B7 /* TableViewDemo3Tests.swift in Sources */ = {isa = PBXBuildFile; fileRef = 7B9733BA27F39429003733B7 /* TableViewDemo3Tests.swift */; };
		7B9733C527F39429003733B7 /* TableViewDemo3UITests.swift in Sources */ = {isa = PBXBuildFile; fileRef = 7B9733C427F39429003733B7 /* TableViewDemo3UITests.swift */; };
		7B9733C727F39429003733B7 /* TableViewDemo3UITestsLaunchTests.swift in Sources */ = {isa = PBXBuildFile; fileRef = 7B9733C627F39429003733B7 /* TableViewDemo3UITestsLaunchTests.swift */; };
		7B9733D427F39635003733B7 /* DetailViewController.swift in Sources */ = {isa = PBXBuildFile; fileRef = 7B9733D327F39635003733B7 /* DetailViewController.swift */; };
/* End PBXBuildFile section */

/* Begin PBXContainerItemProxy section */
		7B9733B727F39429003733B7 /* PBXContainerItemProxy */ = {
			isa = PBXContainerItemProxy;
			containerPortal = 7B97339827F39427003733B7 /* Project object */;
			proxyType = 1;
			remoteGlobalIDString = 7B97339F27F39427003733B7;
			remoteInfo = TableViewDemo3;
		};
		7B9733C127F39429003733B7 /* PBXContainerItemProxy */ = {
			isa = PBXContainerItemProxy;
			containerPortal = 7B97339827F39427003733B7 /* Project object */;
			proxyType = 1;
			remoteGlobalIDString = 7B97339F27F39427003733B7;
			remoteInfo = TableViewDemo3;
		};
/* End PBXContainerItemProxy section */

/* Begin PBXFileReference section */
		7B9733A027F39427003733B7 /* TableViewDemo3.app */ = {isa = PBXFileReference; explicitFileType = wrapper.application; includeInIndex = 0; path = TableViewDemo3.app; sourceTree = BUILT_PRODUCTS_DIR; };
		7B9733A327F39427003733B7 /* AppDelegate.swift */ = {isa = PBXFileReference; lastKnownFileType = sourcecode.swift; path = AppDelegate.swift; sourceTree = "<group>"; };
		7B9733A527F39427003733B7 /* SceneDelegate.swift */ = {isa = PBXFileReference; lastKnownFileType = sourcecode.swift; path = SceneDelegate.swift; sourceTree = "<group>"; };
		7B9733A727F39427003733B7 /* ViewController.swift */ = {isa = PBXFileReference; lastKnownFileType = sourcecode.swift; path = ViewController.swift; sourceTree = "<group>"; };
		7B9733AA27F39427003733B7 /* Base */ = {isa = PBXFileReference; lastKnownFileType = file.storyboard; name = Base; path = Base.lproj/Main.storyboard; sourceTree = "<group>"; };
		7B9733AC27F39428003733B7 /* Assets.xcassets */ = {isa = PBXFileReference; lastKnownFileType = folder.assetcatalog; path = Assets.xcassets; sourceTree = "<group>"; };
		7B9733AF27F39428003733B7 /* Base */ = {isa = PBXFileReference; lastKnownFileType = file.storyboard; name = Base; path = Base.lproj/LaunchScreen.storyboard; sourceTree = "<group>"; };
		7B9733B127F39428003733B7 /* Info.plist */ = {isa = PBXFileReference; lastKnownFileType = text.plist.xml; path = Info.plist; sourceTree = "<group>"; };
		7B9733B627F39429003733B7 /* TableViewDemo3Tests.xctest */ = {isa = PBXFileReference; explicitFileType = wrapper.cfbundle; includeInIndex = 0; path = TableViewDemo3Tests.xctest; sourceTree = BUILT_PRODUCTS_DIR; };
		7B9733BA27F39429003733B7 /* TableViewDemo3Tests.swift */ = {isa = PBXFileReference; lastKnownFileType = sourcecode.swift; path = TableViewDemo3Tests.swift; sourceTree = "<group>"; };
		7B9733C027F39429003733B7 /* TableViewDemo3UITests.xctest */ = {isa = PBXFileReference; explicitFileType = wrapper.cfbundle; includeInIndex = 0; path = TableViewDemo3UITests.xctest; sourceTree = BUILT_PRODUCTS_DIR; };
		7B9733C427F39429003733B7 /* TableViewDemo3UITests.swift */ = {isa = PBXFileReference; lastKnownFileType = sourcecode.swift; path = TableViewDemo3UITests.swift; sourceTree = "<group>"; };
		7B9733C627F39429003733B7 /* TableViewDemo3UITestsLaunchTests.swift */ = {isa = PBXFileReference; lastKnownFileType = sourcecode.swift; path = TableViewDemo3UITestsLaunchTests.swift; sourceTree = "<group>"; };
		7B9733D327F39635003733B7 /* DetailViewController.swift */ = {isa = PBXFileReference; lastKnownFileType = sourcecode.swift; path = DetailViewController.swift; sourceTree = "<group>"; };
/* End PBXFileReference section */

/* Begin PBXFrameworksBuildPhase section */
		7B97339D27F39427003733B7 /* Frameworks */ = {
			isa = PBXFrameworksBuildPhase;
			buildActionMask = 2147483647;
			files = (
			);
			runOnlyForDeploymentPostprocessing = 0;
		};
		7B9733B327F39429003733B7 /* Frameworks */ = {
			isa = PBXFrameworksBuildPhase;
			buildActionMask = 2147483647;
			files = (
			);
			runOnlyForDeploymentPostprocessing = 0;
		};
		7B9733BD27F39429003733B7 /* Frameworks */ = {
			isa = PBXFrameworksBuildPhase;
			buildActionMask = 2147483647;
			files = (
			);
			runOnlyForDeploymentPostprocessing = 0;
		};
/* End PBXFrameworksBuildPhase section */

/* Begin PBXGroup section */
		7B97339727F39427003733B7 = {
			isa = PBXGroup;
			children = (
				7B9733A227F39427003733B7 /* TableViewDemo3 */,
				7B9733B927F39429003733B7 /* TableViewDemo3Tests */,
				7B9733C327F39429003733B7 /* TableViewDemo3UITests */,
				7B9733A127F39427003733B7 /* Products */,
			);
			sourceTree = "<group>";
		};
		7B9733A127F39427003733B7 /* Products */ = {
			isa = PBXGroup;
			children = (
				7B9733A027F39427003733B7 /* TableViewDemo3.app */,
				7B9733B627F39429003733B7 /* TableViewDemo3Tests.xctest */,
				7B9733C027F39429003733B7 /* TableViewDemo3UITests.xctest */,
			);
			name = Products;
			sourceTree = "<group>";
		};
		7B9733A227F39427003733B7 /* TableViewDemo3 */ = {
			isa = PBXGroup;
			children = (
				7B9733A327F39427003733B7 /* AppDelegate.swift */,
				7B9733A527F39427003733B7 /* SceneDelegate.swift */,
				7B9733A727F39427003733B7 /* ViewController.swift */,
				7B9733A927F39427003733B7 /* Main.storyboard */,
				7B9733AC27F39428003733B7 /* Assets.xcassets */,
				7B9733AE27F39428003733B7 /* LaunchScreen.storyboard */,
				7B9733B127F39428003733B7 /* Info.plist */,
				7B9733D327F39635003733B7 /* DetailViewController.swift */,
			);
			path = TableViewDemo3;
			sourceTree = "<group>";
		};
		7B9733B927F39429003733B7 /* TableViewDemo3Tests */ = {
			isa = PBXGroup;
			children = (
				7B9733BA27F39429003733B7 /* TableViewDemo3Tests.swift */,
			);
			path = TableViewDemo3Tests;
			sourceTree = "<group>";
		};
		7B9733C327F39429003733B7 /* TableViewDemo3UITests */ = {
			isa = PBXGroup;
			children = (
				7B9733C427F39429003733B7 /* TableViewDemo3UITests.swift */,
				7B9733C627F39429003733B7 /* TableViewDemo3UITestsLaunchTests.swift */,
			);
			path = TableViewDemo3UITests;
			sourceTree = "<group>";
		};
/* End PBXGroup section */

/* Begin PBXNativeTarget section */
		7B97339F27F39427003733B7 /* TableViewDemo3 */ = {
			isa = PBXNativeTarget;
			buildConfigurationList = 7B9733CA27F39429003733B7 /* Build configuration list for PBXNativeTarget "TableViewDemo3" */;
			buildPhases = (
				7B97339C27F39427003733B7 /* Sources */,
				7B97339D27F39427003733B7 /* Frameworks */,
				7B97339E27F39427003733B7 /* Resources */,
			);
			buildRules = (
			);
			dependencies = (
			);
			name = TableViewDemo3;
			productName = TableViewDemo3;
			productReference = 7B9733A027F39427003733B7 /* TableViewDemo3.app */;
			productType = "com.apple.product-type.application";
		};
		7B9733B527F39429003733B7 /* TableViewDemo3Tests */ = {
			isa = PBXNativeTarget;
			buildConfigurationList = 7B9733CD27F39429003733B7 /* Build configuration list for PBXNativeTarget "TableViewDemo3Tests" */;
			buildPhases = (
				7B9733B227F39429003733B7 /* Sources */,
				7B9733B327F39429003733B7 /* Frameworks */,
				7B9733B427F39429003733B7 /* Resources */,
			);
			buildRules = (
			);
			dependencies = (
				7B9733B827F39429003733B7 /* PBXTargetDependency */,
			);
			name = TableViewDemo3Tests;
			productName = TableViewDemo3Tests;
			productReference = 7B9733B627F39429003733B7 /* TableViewDemo3Tests.xctest */;
			productType = "com.apple.product-type.bundle.unit-test";
		};
		7B9733BF27F39429003733B7 /* TableViewDemo3UITests */ = {
			isa = PBXNativeTarget;
			buildConfigurationList = 7B9733D027F39429003733B7 /* Build configuration list for PBXNativeTarget "TableViewDemo3UITests" */;
			buildPhases = (
				7B9733BC27F39429003733B7 /* Sources */,
				7B9733BD27F39429003733B7 /* Frameworks */,
				7B9733BE27F39429003733B7 /* Resources */,
			);
			buildRules = (
			);
			dependencies = (
				7B9733C227F39429003733B7 /* PBXTargetDependency */,
			);
			name = TableViewDemo3UITests;
			productName = TableViewDemo3UITests;
			productReference = 7B9733C027F39429003733B7 /* TableViewDemo3UITests.xctest */;
			productType = "com.apple.product-type.bundle.ui-testing";
		};
/* End PBXNativeTarget section */

/* Begin PBXProject section */
		7B97339827F39427003733B7 /* Project object */ = {
			isa = PBXProject;
			attributes = {
				BuildIndependentTargetsInParallel = 1;
				LastSwiftUpdateCheck = 1320;
				LastUpgradeCheck = 1320;
				TargetAttributes = {
					7B97339F27F39427003733B7 = {
						CreatedOnToolsVersion = 13.2.1;
					};
					7B9733B527F39429003733B7 = {
						CreatedOnToolsVersion = 13.2.1;
						TestTargetID = 7B97339F27F39427003733B7;
					};
					7B9733BF27F39429003733B7 = {
						CreatedOnToolsVersion = 13.2.1;
						TestTargetID = 7B97339F27F39427003733B7;
					};
				};
			};
			buildConfigurationList = 7B97339B27F39427003733B7 /* Build configuration list for PBXProject "TableViewDemo3" */;
			compatibilityVersion = "Xcode 13.0";
			developmentRegion = en;
			hasScannedForEncodings = 0;
			knownRegions = (
				en,
				Base,
			);
			mainGroup = 7B97339727F39427003733B7;
			productRefGroup = 7B9733A127F39427003733B7 /* Products */;
			projectDirPath = "";
			projectRoot = "";
			targets = (
				7B97339F27F39427003733B7 /* TableViewDemo3 */,
				7B9733B527F39429003733B7 /* TableViewDemo3Tests */,
				7B9733BF27F39429003733B7 /* TableViewDemo3UITests */,
			);
		};
/* End PBXProject section */

/* Begin PBXResourcesBuildPhase section */
		7B97339E27F39427003733B7 /* Resources */ = {
			isa = PBXResourcesBuildPhase;
			buildActionMask = 2147483647;
			files = (
				7B9733B027F39428003733B7 /* LaunchScreen.storyboard in Resources */,
				7B9733AD27F39428003733B7 /* Assets.xcassets in Resources */,
				7B9733AB27F39427003733B7 /* Main.storyboard in Resources */,
			);
			runOnlyForDeploymentPostprocessing = 0;
		};
		7B9733B427F39429003733B7 /* Resources */ = {
			isa = PBXResourcesBuildPhase;
			buildActionMask = 2147483647;
			files = (
			);
			runOnlyForDeploymentPostprocessing = 0;
		};
		7B9733BE27F39429003733B7 /* Resources */ = {
			isa = PBXResourcesBuildPhase;
			buildActionMask = 2147483647;
			files = (
			);
			runOnlyForDeploymentPostprocessing = 0;
		};
/* End PBXResourcesBuildPhase section */

/* Begin PBXSourcesBuildPhase section */
		7B97339C27F39427003733B7 /* Sources */ = {
			isa = PBXSourcesBuildPhase;
			buildActionMask = 2147483647;
			files = (
				7B9733A827F39427003733B7 /* ViewController.swift in Sources */,
				7B9733A427F39427003733B7 /* AppDelegate.swift in Sources */,
				7B9733A627F39427003733B7 /* SceneDelegate.swift in Sources */,
				7B9733D427F39635003733B7 /* DetailViewController.swift in Sources */,
			);
			runOnlyForDeploymentPostprocessing = 0;
		};
		7B9733B227F39429003733B7 /* Sources */ = {
			isa = PBXSourcesBuildPhase;
			buildActionMask = 2147483647;
			files = (
				7B9733BB27F39429003733B7 /* TableViewDemo3Tests.swift in Sources */,
			);
			runOnlyForDeploymentPostprocessing = 0;
		};
		7B9733BC27F39429003733B7 /* Sources */ = {
			isa = PBXSourcesBuildPhase;
			buildActionMask = 2147483647;
			files = (
				7B9733C527F39429003733B7 /* TableViewDemo3UITests.swift in Sources */,
				7B9733C727F39429003733B7 /* TableViewDemo3UITestsLaunchTests.swift in Sources */,
			);
			runOnlyForDeploymentPostprocessing = 0;
		};
/* End PBXSourcesBuildPhase section */

/* Begin PBXTargetDependency section */
		7B9733B827F39429003733B7 /* PBXTargetDependency */ = {
			isa = PBXTargetDependency;
			target = 7B97339F27F39427003733B7 /* TableViewDemo3 */;
			targetProxy = 7B9733B727F39429003733B7 /* PBXContainerItemProxy */;
		};
		7B9733C227F39429003733B7 /* PBXTargetDependency */ = {
			isa = PBXTargetDependency;
			target = 7B97339F27F39427003733B7 /* TableViewDemo3 */;
			targetProxy = 7B9733C127F39429003733B7 /* PBXContainerItemProxy */;
		};
/* End PBXTargetDependency section */

/* Begin PBXVariantGroup section */
		7B9733A927F39427003733B7 /* Main.storyboard */ = {
			isa = PBXVariantGroup;
			children = (
				7B9733AA27F39427003733B7 /* Base */,
			);
			name = Main.storyboard;
			sourceTree = "<group>";
		};
		7B9733AE27F39428003733B7 /* LaunchScreen.storyboard */ = {
			isa = PBXVariantGroup;
			children = (
				7B9733AF27F39428003733B7 /* Base */,
			);
			name = LaunchScreen.storyboard;
			sourceTree = "<group>";
		};
/* End PBXVariantGroup section */

/* Begin XCBuildConfiguration section */
		7B9733C827F39429003733B7 /* Debug */ = {
			isa = XCBuildConfiguration;
			buildSettings = {
				ALWAYS_SEARCH_USER_PATHS = NO;
				CLANG_ANALYZER_NONNULL = YES;
				CLANG_ANALYZER_NUMBER_OBJECT_CONVERSION = YES_AGGRESSIVE;
				CLANG_CXX_LANGUAGE_STANDARD = "gnu++17";
				CLANG_CXX_LIBRARY = "libc++";
				CLANG_ENABLE_MODULES = YES;
				CLANG_ENABLE_OBJC_ARC = YES;
				CLANG_ENABLE_OBJC_WEAK = YES;
				CLANG_WARN_BLOCK_CAPTURE_AUTORELEASING = YES;
				CLANG_WARN_BOOL_CONVERSION = YES;
				CLANG_WARN_COMMA = YES;
				CLANG_WARN_CONSTANT_CONVERSION = YES;
				CLANG_WARN_DEPRECATED_OBJC_IMPLEMENTATIONS = YES;
				CLANG_WARN_DIRECT_OBJC_ISA_USAGE = YES_ERROR;
				CLANG_WARN_DOCUMENTATION_COMMENTS = YES;
				CLANG_WARN_EMPTY_BODY = YES;
				CLANG_WARN_ENUM_CONVERSION = YES;
				CLANG_WARN_INFINITE_RECURSION = YES;
				CLANG_WARN_INT_CONVERSION = YES;
				CLANG_WARN_NON_LITERAL_NULL_CONVERSION = YES;
				CLANG_WARN_OBJC_IMPLICIT_RETAIN_SELF = YES;
				CLANG_WARN_OBJC_LITERAL_CONVERSION = YES;
				CLANG_WARN_OBJC_ROOT_CLASS = YES_ERROR;
				CLANG_WARN_QUOTED_INCLUDE_IN_FRAMEWORK_HEADER = YES;
				CLANG_WARN_RANGE_LOOP_ANALYSIS = YES;
				CLANG_WARN_STRICT_PROTOTYPES = YES;
				CLANG_WARN_SUSPICIOUS_MOVE = YES;
				CLANG_WARN_UNGUARDED_AVAILABILITY = YES_AGGRESSIVE;
				CLANG_WARN_UNREACHABLE_CODE = YES;
				CLANG_WARN__DUPLICATE_METHOD_MATCH = YES;
				COPY_PHASE_STRIP = NO;
				DEBUG_INFORMATION_FORMAT = dwarf;
				ENABLE_STRICT_OBJC_MSGSEND = YES;
				ENABLE_TESTABILITY = YES;
				GCC_C_LANGUAGE_STANDARD = gnu11;
				GCC_DYNAMIC_NO_PIC = NO;
				GCC_NO_COMMON_BLOCKS = YES;
				GCC_OPTIMIZATION_LEVEL = 0;
				GCC_PREPROCESSOR_DEFINITIONS = (
					"DEBUG=1",
					"$(inherited)",
				);
				GCC_WARN_64_TO_32_BIT_CONVERSION = YES;
				GCC_WARN_ABOUT_RETURN_TYPE = YES_ERROR;
				GCC_WARN_UNDECLARED_SELECTOR = YES;
				GCC_WARN_UNINITIALIZED_AUTOS = YES_AGGRESSIVE;
				GCC_WARN_UNUSED_FUNCTION = YES;
				GCC_WARN_UNUSED_VARIABLE = YES;
				IPHONEOS_DEPLOYMENT_TARGET = 15.2;
				MTL_ENABLE_DEBUG_INFO = INCLUDE_SOURCE;
				MTL_FAST_MATH = YES;
				ONLY_ACTIVE_ARCH = YES;
				SDKROOT = iphoneos;
				SWIFT_ACTIVE_COMPILATION_CONDITIONS = DEBUG;
				SWIFT_OPTIMIZATION_LEVEL = "-Onone";
			};
			name = Debug;
		};
		7B9733C927F39429003733B7 /* Release */ = {
			isa = XCBuildConfiguration;
			buildSettings = {
				ALWAYS_SEARCH_USER_PATHS = NO;
				CLANG_ANALYZER_NONNULL = YES;
				CLANG_ANALYZER_NUMBER_OBJECT_CONVERSION = YES_AGGRESSIVE;
				CLANG_CXX_LANGUAGE_STANDARD = "gnu++17";
				CLANG_CXX_LIBRARY = "libc++";
				CLANG_ENABLE_MODULES = YES;
				CLANG_ENABLE_OBJC_ARC = YES;
				CLANG_ENABLE_OBJC_WEAK = YES;
				CLANG_WARN_BLOCK_CAPTURE_AUTORELEASING = YES;
				CLANG_WARN_BOOL_CONVERSION = YES;
				CLANG_WARN_COMMA = YES;
				CLANG_WARN_CONSTANT_CONVERSION = YES;
				CLANG_WARN_DEPRECATED_OBJC_IMPLEMENTATIONS = YES;
				CLANG_WARN_DIRECT_OBJC_ISA_USAGE = YES_ERROR;
				CLANG_WARN_DOCUMENTATION_COMMENTS = YES;
				CLANG_WARN_EMPTY_BODY = YES;
				CLANG_WARN_ENUM_CONVERSION = YES;
				CLANG_WARN_INFINITE_RECURSION = YES;
				CLANG_WARN_INT_CONVERSION = YES;
				CLANG_WARN_NON_LITERAL_NULL_CONVERSION = YES;
				CLANG_WARN_OBJC_IMPLICIT_RETAIN_SELF = YES;
				CLANG_WARN_OBJC_LITERAL_CONVERSION = YES;
				CLANG_WARN_OBJC_ROOT_CLASS = YES_ERROR;
				CLANG_WARN_QUOTED_INCLUDE_IN_FRAMEWORK_HEADER = YES;
				CLANG_WARN_RANGE_LOOP_ANALYSIS = YES;
				CLANG_WARN_STRICT_PROTOTYPES = YES;
				CLANG_WARN_SUSPICIOUS_MOVE = YES;
				CLANG_WARN_UNGUARDED_AVAILABILITY = YES_AGGRESSIVE;
				CLANG_WARN_UNREACHABLE_CODE = YES;
				CLANG_WARN__DUPLICATE_METHOD_MATCH = YES;
				COPY_PHASE_STRIP = NO;
				DEBUG_INFORMATION_FORMAT = "dwarf-with-dsym";
				ENABLE_NS_ASSERTIONS = NO;
				ENABLE_STRICT_OBJC_MSGSEND = YES;
				GCC_C_LANGUAGE_STANDARD = gnu11;
				GCC_NO_COMMON_BLOCKS = YES;
				GCC_WARN_64_TO_32_BIT_CONVERSION = YES;
				GCC_WARN_ABOUT_RETURN_TYPE = YES_ERROR;
				GCC_WARN_UNDECLARED_SELECTOR = YES;
				GCC_WARN_UNINITIALIZED_AUTOS = YES_AGGRESSIVE;
				GCC_WARN_UNUSED_FUNCTION = YES;
				GCC_WARN_UNUSED_VARIABLE = YES;
				IPHONEOS_DEPLOYMENT_TARGET = 15.2;
				MTL_ENABLE_DEBUG_INFO = NO;
				MTL_FAST_MATH = YES;
				SDKROOT = iphoneos;
				SWIFT_COMPILATION_MODE = wholemodule;
				SWIFT_OPTIMIZATION_LEVEL = "-O";
				VALIDATE_PRODUCT = YES;
			};
			name = Release;
		};
		7B9733CB27F39429003733B7 /* Debug */ = {
			isa = XCBuildConfiguration;
			buildSettings = {
				ASSETCATALOG_COMPILER_APPICON_NAME = AppIcon;
				ASSETCATALOG_COMPILER_GLOBAL_ACCENT_COLOR_NAME = AccentColor;
				CODE_SIGN_STYLE = Automatic;
				CURRENT_PROJECT_VERSION = 1;
				GENERATE_INFOPLIST_FILE = YES;
				INFOPLIST_FILE = TableViewDemo3/Info.plist;
				INFOPLIST_KEY_UIApplicationSupportsIndirectInputEvents = YES;
				INFOPLIST_KEY_UILaunchStoryboardName = LaunchScreen;
				INFOPLIST_KEY_UIMainStoryboardFile = Main;
				INFOPLIST_KEY_UISupportedInterfaceOrientations_iPad = "UIInterfaceOrientationPortrait UIInterfaceOrientationPortraitUpsideDown UIInterfaceOrientationLandscapeLeft UIInterfaceOrientationLandscapeRight";
				INFOPLIST_KEY_UISupportedInterfaceOrientations_iPhone = "UIInterfaceOrientationPortrait UIInterfaceOrientationLandscapeLeft UIInterfaceOrientationLandscapeRight";
				LD_RUNPATH_SEARCH_PATHS = (
					"$(inherited)",
					"@executable_path/Frameworks",
				);
				MARKETING_VERSION = 1.0;
				PRODUCT_BUNDLE_IDENTIFIER = nwmsu.TableViewDemo3;
				PRODUCT_NAME = "$(TARGET_NAME)";
				SWIFT_EMIT_LOC_STRINGS = YES;
				SWIFT_VERSION = 5.0;
				TARGETED_DEVICE_FAMILY = "1,2";
			};
			name = Debug;
		};
		7B9733CC27F39429003733B7 /* Release */ = {
			isa = XCBuildConfiguration;
			buildSettings = {
				ASSETCATALOG_COMPILER_APPICON_NAME = AppIcon;
				ASSETCATALOG_COMPILER_GLOBAL_ACCENT_COLOR_NAME = AccentColor;
				CODE_SIGN_STYLE = Automatic;
				CURRENT_PROJECT_VERSION = 1;
				GENERATE_INFOPLIST_FILE = YES;
				INFOPLIST_FILE = TableViewDemo3/Info.plist;
				INFOPLIST_KEY_UIApplicationSupportsIndirectInputEvents = YES;
				INFOPLIST_KEY_UILaunchStoryboardName = LaunchScreen;
				INFOPLIST_KEY_UIMainStoryboardFile = Main;
				INFOPLIST_KEY_UISupportedInterfaceOrientations_iPad = "UIInterfaceOrientationPortrait UIInterfaceOrientationPortraitUpsideDown UIInterfaceOrientationLandscapeLeft UIInterfaceOrientationLandscapeRight";
				INFOPLIST_KEY_UISupportedInterfaceOrientations_iPhone = "UIInterfaceOrientationPortrait UIInterfaceOrientationLandscapeLeft UIInterfaceOrientationLandscapeRight";
				LD_RUNPATH_SEARCH_PATHS = (
					"$(inherited)",
					"@executable_path/Frameworks",
				);
				MARKETING_VERSION = 1.0;
				PRODUCT_BUNDLE_IDENTIFIER = nwmsu.TableViewDemo3;
				PRODUCT_NAME = "$(TARGET_NAME)";
				SWIFT_EMIT_LOC_STRINGS = YES;
				SWIFT_VERSION = 5.0;
				TARGETED_DEVICE_FAMILY = "1,2";
			};
			name = Release;
		};
		7B9733CE27F39429003733B7 /* Debug */ = {
			isa = XCBuildConfiguration;
			buildSettings = {
				ALWAYS_EMBED_SWIFT_STANDARD_LIBRARIES = YES;
				BUNDLE_LOADER = "$(TEST_HOST)";
				CODE_SIGN_STYLE = Automatic;
				CURRENT_PROJECT_VERSION = 1;
				GENERATE_INFOPLIST_FILE = YES;
				IPHONEOS_DEPLOYMENT_TARGET = 15.2;
				MARKETING_VERSION = 1.0;
				PRODUCT_BUNDLE_IDENTIFIER = nwmsu.TableViewDemo3Tests;
				PRODUCT_NAME = "$(TARGET_NAME)";
				SWIFT_EMIT_LOC_STRINGS = NO;
				SWIFT_VERSION = 5.0;
				TARGETED_DEVICE_FAMILY = "1,2";
				TEST_HOST = "$(BUILT_PRODUCTS_DIR)/TableViewDemo3.app/TableViewDemo3";
			};
			name = Debug;
		};
		7B9733CF27F39429003733B7 /* Release */ = {
			isa = XCBuildConfiguration;
			buildSettings = {
				ALWAYS_EMBED_SWIFT_STANDARD_LIBRARIES = YES;
				BUNDLE_LOADER = "$(TEST_HOST)";
				CODE_SIGN_STYLE = Automatic;
				CURRENT_PROJECT_VERSION = 1;
				GENERATE_INFOPLIST_FILE = YES;
				IPHONEOS_DEPLOYMENT_TARGET = 15.2;
				MARKETING_VERSION = 1.0;
				PRODUCT_BUNDLE_IDENTIFIER = nwmsu.TableViewDemo3Tests;
				PRODUCT_NAME = "$(TARGET_NAME)";
				SWIFT_EMIT_LOC_STRINGS = NO;
				SWIFT_VERSION = 5.0;
				TARGETED_DEVICE_FAMILY = "1,2";
				TEST_HOST = "$(BUILT_PRODUCTS_DIR)/TableViewDemo3.app/TableViewDemo3";
			};
			name = Release;
		};
		7B9733D127F39429003733B7 /* Debug */ = {
			isa = XCBuildConfiguration;
			buildSettings = {
				ALWAYS_EMBED_SWIFT_STANDARD_LIBRARIES = YES;
				CODE_SIGN_STYLE = Automatic;
				CURRENT_PROJECT_VERSION = 1;
				GENERATE_INFOPLIST_FILE = YES;
				MARKETING_VERSION = 1.0;
				PRODUCT_BUNDLE_IDENTIFIER = nwmsu.TableViewDemo3UITests;
				PRODUCT_NAME = "$(TARGET_NAME)";
				SWIFT_EMIT_LOC_STRINGS = NO;
				SWIFT_VERSION = 5.0;
				TARGETED_DEVICE_FAMILY = "1,2";
				TEST_TARGET_NAME = TableViewDemo3;
			};
			name = Debug;
		};
		7B9733D227F39429003733B7 /* Release */ = {
			isa = XCBuildConfiguration;
			buildSettings = {
				ALWAYS_EMBED_SWIFT_STANDARD_LIBRARIES = YES;
				CODE_SIGN_STYLE = Automatic;
				CURRENT_PROJECT_VERSION = 1;
				GENERATE_INFOPLIST_FILE = YES;
				MARKETING_VERSION = 1.0;
				PRODUCT_BUNDLE_IDENTIFIER = nwmsu.TableViewDemo3UITests;
				PRODUCT_NAME = "$(TARGET_NAME)";
				SWIFT_EMIT_LOC_STRINGS = NO;
				SWIFT_VERSION = 5.0;
				TARGETED_DEVICE_FAMILY = "1,2";
				TEST_TARGET_NAME = TableViewDemo3;
			};
			name = Release;
		};
/* End XCBuildConfiguration section */

/* Begin XCConfigurationList section */
		7B97339B27F39427003733B7 /* Build configuration list for PBXProject "TableViewDemo3" */ = {
			isa = XCConfigurationList;
			buildConfigurations = (
				7B9733C827F39429003733B7 /* Debug */,
				7B9733C927F39429003733B7 /* Release */,
			);
			defaultConfigurationIsVisible = 0;
			defaultConfigurationName = Release;
		};
		7B9733CA27F39429003733B7 /* Build configuration list for PBXNativeTarget "TableViewDemo3" */ = {
			isa = XCConfigurationList;
			buildConfigurations = (
				7B9733CB27F39429003733B7 /* Debug */,
				7B9733CC27F39429003733B7 /* Release */,
			);
			defaultConfigurationIsVisible = 0;
			defaultConfigurationName = Release;
		};
		7B9733CD27F39429003733B7 /* Build configuration list for PBXNativeTarget "TableViewDemo3Tests" */ = {
			isa = XCConfigurationList;
			buildConfigurations = (
				7B9733CE27F39429003733B7 /* Debug */,
				7B9733CF27F39429003733B7 /* Release */,
			);
			defaultConfigurationIsVisible = 0;
			defaultConfigurationName = Release;
		};
		7B9733D027F39429003733B7 /* Build configuration list for PBXNativeTarget "TableViewDemo3UITests" */ = {
			isa = XCConfigurationList;
			buildConfigurations = (
				7B9733D127F39429003733B7 /* Debug */,
				7B9733D227F39429003733B7 /* Release */,
			);
			defaultConfigurationIsVisible = 0;
			defaultConfigurationName = Release;
		};
/* End XCConfigurationList section */
	};
	rootObject = 7B97339827F39427003733B7 /* Project object */;
}
